// !$*UTF8*$!
{
	archiveVersion = 1;
	classes = {
	};
	objectVersion = 46;
	objects = {

/* Begin PBXBuildFile section */
		CC68A9BA1AA0103200002A07 /* AppDelegate.swift in Sources */ = {isa = PBXBuildFile; fileRef = CC68A9B91AA0103200002A07 /* AppDelegate.swift */; };
		CC68A9BC1AA0103200002A07 /* ViewController.swift in Sources */ = {isa = PBXBuildFile; fileRef = CC68A9BB1AA0103200002A07 /* ViewController.swift */; };
		CC68A9BF1AA0103200002A07 /* Main.storyboard in Resources */ = {isa = PBXBuildFile; fileRef = CC68A9BD1AA0103200002A07 /* Main.storyboard */; };
		CC68A9C11AA0103200002A07 /* Images.xcassets in Resources */ = {isa = PBXBuildFile; fileRef = CC68A9C01AA0103200002A07 /* Images.xcassets */; };
		CC68A9C41AA0103200002A07 /* LaunchScreen.xib in Resources */ = {isa = PBXBuildFile; fileRef = CC68A9C21AA0103200002A07 /* LaunchScreen.xib */; };
		CC68A9D01AA0103200002A07 /* FibonacciAppTests.swift in Sources */ = {isa = PBXBuildFile; fileRef = CC68A9CF1AA0103200002A07 /* FibonacciAppTests.swift */; };
		CC68A9DA1AA013B200002A07 /* FibonacciSequence.swift in Sources */ = {isa = PBXBuildFile; fileRef = CC68A9D91AA013B200002A07 /* FibonacciSequence.swift */; };
/* End PBXBuildFile section */

/* Begin PBXContainerItemProxy section */
		CC68A9CA1AA0103200002A07 /* PBXContainerItemProxy */ = {
			isa = PBXContainerItemProxy;
			containerPortal = CC68A9AC1AA0103200002A07 /* Project object */;
			proxyType = 1;
			remoteGlobalIDString = CC68A9B31AA0103200002A07;
			remoteInfo = FibonacciApp;
		};
/* End PBXContainerItemProxy section */

/* Begin PBXFileReference section */
		CC68A9B41AA0103200002A07 /* FibonacciApp.app */ = {isa = PBXFileReference; explicitFileType = wrapper.application; includeInIndex = 0; path = FibonacciApp.app; sourceTree = BUILT_PRODUCTS_DIR; };
		CC68A9B81AA0103200002A07 /* Info.plist */ = {isa = PBXFileReference; lastKnownFileType = text.plist.xml; path = Info.plist; sourceTree = "<group>"; };
		CC68A9B91AA0103200002A07 /* AppDelegate.swift */ = {isa = PBXFileReference; lastKnownFileType = sourcecode.swift; path = AppDelegate.swift; sourceTree = "<group>"; };
		CC68A9BB1AA0103200002A07 /* ViewController.swift */ = {isa = PBXFileReference; lastKnownFileType = sourcecode.swift; path = ViewController.swift; sourceTree = "<group>"; };
		CC68A9BE1AA0103200002A07 /* Base */ = {isa = PBXFileReference; lastKnownFileType = file.storyboard; name = Base; path = Base.lproj/Main.storyboard; sourceTree = "<group>"; };
		CC68A9C01AA0103200002A07 /* Images.xcassets */ = {isa = PBXFileReference; lastKnownFileType = folder.assetcatalog; path = Images.xcassets; sourceTree = "<group>"; };
		CC68A9C31AA0103200002A07 /* Base */ = {isa = PBXFileReference; lastKnownFileType = file.xib; name = Base; path = Base.lproj/LaunchScreen.xib; sourceTree = "<group>"; };
		CC68A9C91AA0103200002A07 /* FibonacciAppTests.xctest */ = {isa = PBXFileReference; explicitFileType = wrapper.cfbundle; includeInIndex = 0; path = FibonacciAppTests.xctest; sourceTree = BUILT_PRODUCTS_DIR; };
		CC68A9CE1AA0103200002A07 /* Info.plist */ = {isa = PBXFileReference; lastKnownFileType = text.plist.xml; path = Info.plist; sourceTree = "<group>"; };
		CC68A9CF1AA0103200002A07 /* FibonacciAppTests.swift */ = {isa = PBXFileReference; lastKnownFileType = sourcecode.swift; path = FibonacciAppTests.swift; sourceTree = "<group>"; };
		CC68A9D91AA013B200002A07 /* FibonacciSequence.swift */ = {isa = PBXFileReference; fileEncoding = 4; lastKnownFileType = sourcecode.swift; path = FibonacciSequence.swift; sourceTree = "<group>"; };
/* End PBXFileReference section */

/* Begin PBXFrameworksBuildPhase section */
		CC68A9B11AA0103200002A07 /* Frameworks */ = {
			isa = PBXFrameworksBuildPhase;
			buildActionMask = 2147483647;
			files = (
			);
			runOnlyForDeploymentPostprocessing = 0;
		};
		CC68A9C61AA0103200002A07 /* Frameworks */ = {
			isa = PBXFrameworksBuildPhase;
			buildActionMask = 2147483647;
			files = (
			);
			runOnlyForDeploymentPostprocessing = 0;
		};
/* End PBXFrameworksBuildPhase section */

/* Begin PBXGroup section */
		CC68A9AB1AA0103200002A07 = {
			isa = PBXGroup;
			children = (
				CC68A9B61AA0103200002A07 /* FibonacciApp */,
				CC68A9CC1AA0103200002A07 /* FibonacciAppTests */,
				CC68A9B51AA0103200002A07 /* Products */,
			);
			sourceTree = "<group>";
		};
		CC68A9B51AA0103200002A07 /* Products */ = {
			isa = PBXGroup;
			children = (
				CC68A9B41AA0103200002A07 /* FibonacciApp.app */,
				CC68A9C91AA0103200002A07 /* FibonacciAppTests.xctest */,
			);
			name = Products;
			sourceTree = "<group>";
		};
		CC68A9B61AA0103200002A07 /* FibonacciApp */ = {
			isa = PBXGroup;
			children = (
				CC68A9B91AA0103200002A07 /* AppDelegate.swift */,
				CC68A9BB1AA0103200002A07 /* ViewController.swift */,
				CC68A9BD1AA0103200002A07 /* Main.storyboard */,
				CC68A9D91AA013B200002A07 /* FibonacciSequence.swift */,
				CC68A9C01AA0103200002A07 /* Images.xcassets */,
				CC68A9C21AA0103200002A07 /* LaunchScreen.xib */,
				CC68A9B71AA0103200002A07 /* Supporting Files */,
			);
			path = FibonacciApp;
			sourceTree = "<group>";
		};
		CC68A9B71AA0103200002A07 /* Supporting Files */ = {
			isa = PBXGroup;
			children = (
				CC68A9B81AA0103200002A07 /* Info.plist */,
			);
			name = "Supporting Files";
			sourceTree = "<group>";
		};
		CC68A9CC1AA0103200002A07 /* FibonacciAppTests */ = {
			isa = PBXGroup;
			children = (
				CC68A9CF1AA0103200002A07 /* FibonacciAppTests.swift */,
				CC68A9CD1AA0103200002A07 /* Supporting Files */,
			);
			path = FibonacciAppTests;
			sourceTree = "<group>";
		};
		CC68A9CD1AA0103200002A07 /* Supporting Files */ = {
			isa = PBXGroup;
			children = (
				CC68A9CE1AA0103200002A07 /* Info.plist */,
			);
			name = "Supporting Files";
			sourceTree = "<group>";
		};
/* End PBXGroup section */

/* Begin PBXNativeTarget section */
		CC68A9B31AA0103200002A07 /* FibonacciApp */ = {
			isa = PBXNativeTarget;
			buildConfigurationList = CC68A9D31AA0103200002A07 /* Build configuration list for PBXNativeTarget "FibonacciApp" */;
			buildPhases = (
				CC68A9B01AA0103200002A07 /* Sources */,
				CC68A9B11AA0103200002A07 /* Frameworks */,
				CC68A9B21AA0103200002A07 /* Resources */,
			);
			buildRules = (
			);
			dependencies = (
			);
			name = FibonacciApp;
			productName = FibonacciApp;
			productReference = CC68A9B41AA0103200002A07 /* FibonacciApp.app */;
			productType = "com.apple.product-type.application";
		};
		CC68A9C81AA0103200002A07 /* FibonacciAppTests */ = {
			isa = PBXNativeTarget;
			buildConfigurationList = CC68A9D61AA0103200002A07 /* Build configuration list for PBXNativeTarget "FibonacciAppTests" */;
			buildPhases = (
				CC68A9C51AA0103200002A07 /* Sources */,
				CC68A9C61AA0103200002A07 /* Frameworks */,
				CC68A9C71AA0103200002A07 /* Resources */,
			);
			buildRules = (
			);
			dependencies = (
				CC68A9CB1AA0103200002A07 /* PBXTargetDependency */,
			);
			name = FibonacciAppTests;
			productName = FibonacciAppTests;
			productReference = CC68A9C91AA0103200002A07 /* FibonacciAppTests.xctest */;
			productType = "com.apple.product-type.bundle.unit-test";
		};
/* End PBXNativeTarget section */

/* Begin PBXProject section */
		CC68A9AC1AA0103200002A07 /* Project object */ = {
			isa = PBXProject;
			attributes = {
				LastUpgradeCheck = 0610;
				ORGANIZATIONNAME = punch;
				TargetAttributes = {
					CC68A9B31AA0103200002A07 = {
						CreatedOnToolsVersion = 6.1;
					};
					CC68A9C81AA0103200002A07 = {
						CreatedOnToolsVersion = 6.1;
						TestTargetID = CC68A9B31AA0103200002A07;
					};
				};
			};
			buildConfigurationList = CC68A9AF1AA0103200002A07 /* Build configuration list for PBXProject "FibonacciApp" */;
			compatibilityVersion = "Xcode 3.2";
			developmentRegion = English;
			hasScannedForEncodings = 0;
			knownRegions = (
				en,
				Base,
			);
			mainGroup = CC68A9AB1AA0103200002A07;
			productRefGroup = CC68A9B51AA0103200002A07 /* Products */;
			projectDirPath = "";
			projectRoot = "";
			targets = (
				CC68A9B31AA0103200002A07 /* FibonacciApp */,
				CC68A9C81AA0103200002A07 /* FibonacciAppTests */,
			);
		};
/* End PBXProject section */

/* Begin PBXResourcesBuildPhase section */
		CC68A9B21AA0103200002A07 /* Resources */ = {
			isa = PBXResourcesBuildPhase;
			buildActionMask = 2147483647;
			files = (
				CC68A9BF1AA0103200002A07 /* Main.storyboard in Resources */,
				CC68A9C41AA0103200002A07 /* LaunchScreen.xib in Resources */,
				CC68A9C11AA0103200002A07 /* Images.xcassets in Resources */,
			);
			runOnlyForDeploymentPostprocessing = 0;
		};
		CC68A9C71AA0103200002A07 /* Resources */ = {
			isa = PBXResourcesBuildPhase;
			buildActionMask = 2147483647;
			files = (
			);
			runOnlyForDeploymentPostprocessing = 0;
		};
/* End PBXResourcesBuildPhase section */

/* Begin PBXSourcesBuildPhase section */
		CC68A9B01AA0103200002A07 /* Sources */ = {
			isa = PBXSourcesBuildPhase;
			buildActionMask = 2147483647;
			files = (
				CC68A9DA1AA013B200002A07 /* FibonacciSequence.swift in Sources */,
				CC68A9BC1AA0103200002A07 /* ViewController.swift in Sources */,
				CC68A9BA1AA0103200002A07 /* AppDelegate.swift in Sources */,
			);
			runOnlyForDeploymentPostprocessing = 0;
		};
		CC68A9C51AA0103200002A07 /* Sources */ = {
			isa = PBXSourcesBuildPhase;
			buildActionMask = 2147483647;
			files = (
				CC68A9D01AA0103200002A07 /* FibonacciAppTests.swift in Sources */,
			);
			runOnlyForDeploymentPostprocessing = 0;
		};
/* End PBXSourcesBuildPhase section */

/* Begin PBXTargetDependency section */
		CC68A9CB1AA0103200002A07 /* PBXTargetDependency */ = {
			isa = PBXTargetDependency;
			target = CC68A9B31AA0103200002A07 /* FibonacciApp */;
			targetProxy = CC68A9CA1AA0103200002A07 /* PBXContainerItemProxy */;
		};
/* End PBXTargetDependency section */

/* Begin PBXVariantGroup section */
		CC68A9BD1AA0103200002A07 /* Main.storyboard */ = {
			isa = PBXVariantGroup;
			children = (
				CC68A9BE1AA0103200002A07 /* Base */,
			);
			name = Main.storyboard;
			sourceTree = "<group>";
		};
		CC68A9C21AA0103200002A07 /* LaunchScreen.xib */ = {
			isa = PBXVariantGroup;
			children = (
				CC68A9C31AA0103200002A07 /* Base */,
			);
			name = LaunchScreen.xib;
			sourceTree = "<group>";
		};
/* End PBXVariantGroup section */

/* Begin XCBuildConfiguration section */
		CC68A9D11AA0103200002A07 /* Debug */ = {
			isa = XCBuildConfiguration;
			buildSettings = {
				ALWAYS_SEARCH_USER_PATHS = NO;
				CLANG_CXX_LANGUAGE_STANDARD = "gnu++0x";
				CLANG_CXX_LIBRARY = "libc++";
				CLANG_ENABLE_MODULES = YES;
				CLANG_ENABLE_OBJC_ARC = YES;
				CLANG_WARN_BOOL_CONVERSION = YES;
				CLANG_WARN_CONSTANT_CONVERSION = YES;
				CLANG_WARN_DIRECT_OBJC_ISA_USAGE = YES_ERROR;
				CLANG_WARN_EMPTY_BODY = YES;
				CLANG_WARN_ENUM_CONVERSION = YES;
				CLANG_WARN_INT_CONVERSION = YES;
				CLANG_WARN_OBJC_ROOT_CLASS = YES_ERROR;
				CLANG_WARN_UNREACHABLE_CODE = YES;
				CLANG_WARN__DUPLICATE_METHOD_MATCH = YES;
				"CODE_SIGN_IDENTITY[sdk=iphoneos*]" = "iPhone Developer";
				COPY_PHASE_STRIP = NO;
				ENABLE_STRICT_OBJC_MSGSEND = YES;
				GCC_C_LANGUAGE_STANDARD = gnu99;
				GCC_DYNAMIC_NO_PIC = NO;
				GCC_OPTIMIZATION_LEVEL = 0;
				GCC_PREPROCESSOR_DEFINITIONS = (
					"DEBUG=1",
					"$(inherited)",
				);
				GCC_SYMBOLS_PRIVATE_EXTERN = NO;
				GCC_WARN_64_TO_32_BIT_CONVERSION = YES;
				GCC_WARN_ABOUT_RETURN_TYPE = YES_ERROR;
				GCC_WARN_UNDECLARED_SELECTOR = YES;
				GCC_WARN_UNINITIALIZED_AUTOS = YES_AGGRESSIVE;
				GCC_WARN_UNUSED_FUNCTION = YES;
				GCC_WARN_UNUSED_VARIABLE = YES;
				IPHONEOS_DEPLOYMENT_TARGET = 8.1;
				MTL_ENABLE_DEBUG_INFO = YES;
				ONLY_ACTIVE_ARCH = YES;
				SDKROOT = iphoneos;
				SWIFT_OPTIMIZATION_LEVEL = "-Onone";
			};
			name = Debug;
		};
		CC68A9D21AA0103200002A07 /* Release */ = {
			isa = XCBuildConfiguration;
			buildSettings = {
				ALWAYS_SEARCH_USER_PATHS = NO;
				CLANG_CXX_LANGUAGE_STANDARD = "gnu++0x";
				CLANG_CXX_LIBRARY = "libc++";
				CLANG_ENABLE_MODULES = YES;
				CLANG_ENABLE_OBJC_ARC = YES;
				CLANG_WARN_BOOL_CONVERSION = YES;
				CLANG_WARN_CONSTANT_CONVERSION = YES;
				CLANG_WARN_DIRECT_OBJC_ISA_USAGE = YES_ERROR;
				CLANG_WARN_EMPTY_BODY = YES;
				CLANG_WARN_ENUM_CONVERSION = YES;
				CLANG_WARN_INT_CONVERSION = YES;
				CLANG_WARN_OBJC_ROOT_CLASS = YES_ERROR;
				CLANG_WARN_UNREACHABLE_CODE = YES;
				CLANG_WARN__DUPLICATE_METHOD_MATCH = YES;
				"CODE_SIGN_IDENTITY[sdk=iphoneos*]" = "iPhone Developer";
				COPY_PHASE_STRIP = YES;
				ENABLE_NS_ASSERTIONS = NO;
				ENABLE_STRICT_OBJC_MSGSEND = YES;
				GCC_C_LANGUAGE_STANDARD = gnu99;
				GCC_WARN_64_TO_32_BIT_CONVERSION = YES;
				GCC_WARN_ABOUT_RETURN_TYPE = YES_ERROR;
				GCC_WARN_UNDECLARED_SELECTOR = YES;
				GCC_WARN_UNINITIALIZED_AUTOS = YES_AGGRESSIVE;
				GCC_WARN_UNUSED_FUNCTION = YES;
				GCC_WARN_UNUSED_VARIABLE = YES;
				IPHONEOS_DEPLOYMENT_TARGET = 8.1;
				MTL_ENABLE_DEBUG_INFO = NO;
				SDKROOT = iphoneos;
				VALIDATE_PRODUCT = YES;
			};
			name = Release;
		};
		CC68A9D41AA0103200002A07 /* Debug */ = {
			isa = XCBuildConfiguration;
			buildSettings = {
				ASSETCATALOG_COMPILER_APPICON_NAME = AppIcon;
				INFOPLIST_FILE = FibonacciApp/Info.plist;
				LD_RUNPATH_SEARCH_PATHS = "$(inherited) @executable_path/Frameworks";
				PRODUCT_NAME = "$(TARGET_NAME)";
			};
			name = Debug;
		};
		CC68A9D51AA0103200002A07 /* Release */ = {
			isa = XCBuildConfiguration;
			buildSettings = {
				ASSETCATALOG_COMPILER_APPICON_NAME = AppIcon;
				INFOPLIST_FILE = FibonacciApp/Info.plist;
				LD_RUNPATH_SEARCH_PATHS = "$(inherited) @executable_path/Frameworks";
				PRODUCT_NAME = "$(TARGET_NAME)";
			};
			name = Release;
		};
		CC68A9D71AA0103200002A07 /* Debug */ = {
			isa = XCBuildConfiguration;
			buildSettings = {
				BUNDLE_LOADER = "$(TEST_HOST)";
				FRAMEWORK_SEARCH_PATHS = (
					"$(SDKROOT)/Developer/Library/Frameworks",
					"$(inherited)",
				);
				GCC_PREPROCESSOR_DEFINITIONS = (
					"DEBUG=1",
					"$(inherited)",
				);
				INFOPLIST_FILE = FibonacciAppTests/Info.plist;
				LD_RUNPATH_SEARCH_PATHS = "$(inherited) @executable_path/Frameworks @loader_path/Frameworks";
				PRODUCT_NAME = "$(TARGET_NAME)";
				TEST_HOST = "$(BUILT_PRODUCTS_DIR)/FibonacciApp.app/FibonacciApp";
			};
			name = Debug;
		};
		CC68A9D81AA0103200002A07 /* Release */ = {
			isa = XCBuildConfiguration;
			buildSettings = {
				BUNDLE_LOADER = "$(TEST_HOST)";
				FRAMEWORK_SEARCH_PATHS = (
					"$(SDKROOT)/Developer/Library/Frameworks",
					"$(inherited)",
				);
				INFOPLIST_FILE = FibonacciAppTests/Info.plist;
				LD_RUNPATH_SEARCH_PATHS = "$(inherited) @executable_path/Frameworks @loader_path/Frameworks";
				PRODUCT_NAME = "$(TARGET_NAME)";
				TEST_HOST = "$(BUILT_PRODUCTS_DIR)/FibonacciApp.app/FibonacciApp";
			};
			name = Release;
		};
/* End XCBuildConfiguration section */

/* Begin XCConfigurationList section */
		CC68A9AF1AA0103200002A07 /* Build configuration list for PBXProject "FibonacciApp" */ = {
			isa = XCConfigurationList;
			buildConfigurations = (
				CC68A9D11AA0103200002A07 /* Debug */,
				CC68A9D21AA0103200002A07 /* Release */,
			);
			defaultConfigurationIsVisible = 0;
			defaultConfigurationName = Release;
		};
		CC68A9D31AA0103200002A07 /* Build configuration list for PBXNativeTarget "FibonacciApp" */ = {
			isa = XCConfigurationList;
			buildConfigurations = (
				CC68A9D41AA0103200002A07 /* Debug */,
				CC68A9D51AA0103200002A07 /* Release */,
			);
			defaultConfigurationIsVisible = 0;
		};
		CC68A9D61AA0103200002A07 /* Build configuration list for PBXNativeTarget "FibonacciAppTests" */ = {
			isa = XCConfigurationList;
			buildConfigurations = (
				CC68A9D71AA0103200002A07 /* Debug */,
				CC68A9D81AA0103200002A07 /* Release */,
			);
			defaultConfigurationIsVisible = 0;
		};
/* End XCConfigurationList section */
	};
	rootObject = CC68A9AC1AA0103200002A07 /* Project object */;
}
